
Microsoft Visual Studio Solution File, Format Version 12.00
# Visual Studio Version 16
VisualStudioVersion = 16.0.31829.152
MinimumVisualStudioVersion = 10.0.40219.1
Project("{FAE04EC0-301F-11D3-BF4B-00C04F79EFBC}") = "CleanCodeTestning", "CleanCodeTestning\CleanCodeTestning.csproj", "{2BE33DA3-290B-40A5-A3EF-CD3691A58EDF}"
EndProject
Global
	GlobalSection(SolutionConfigurationPlatforms) = preSolution
		Debug|Any CPU = Debug|Any CPU
		Release|Any CPU = Release|Any CPU
	EndGlobalSection
	GlobalSection(ProjectConfigurationPlatforms) = postSolution
		{2BE33DA3-290B-40A5-A3EF-CD3691A58EDF}.Debug|Any CPU.ActiveCfg = Debug|Any CPU
		{2BE33DA3-290B-40A5-A3EF-CD3691A58EDF}.Debug|Any CPU.Build.0 = Debug|Any CPU
		{2BE33DA3-290B-40A5-A3EF-CD3691A58EDF}.Release|Any CPU.ActiveCfg = Release|Any CPU
		{2BE33DA3-290B-40A5-A3EF-CD3691A58EDF}.Release|Any CPU.Build.0 = Release|Any CPU
	EndGlobalSection
	GlobalSection(SolutionProperties) = preSolution
		HideSolutionNode = FALSE
	EndGlobalSection
	GlobalSection(ExtensibilityGlobals) = postSolution
		SolutionGuid = {0348559D-7CBC-42B2-A723-CA37F20D87A7}
	EndGlobalSection
EndGlobal
