
Microsoft Visual Studio Solution File, Format Version 12.00
# Visual Studio Version 16
VisualStudioVersion = 16.0.31829.152
MinimumVisualStudioVersion = 10.0.40219.1
Project("{9A19103F-16F7-4668-BE54-9A1E7A4F7556}") = "CleanCodeTestning", "CleanCodeTestning\CleanCodeTestning.csproj", "{2BE33DA3-290B-40A5-A3EF-CD3691A58EDF}"
EndProject
Project("{2150E333-8FDC-42A3-9474-1A3956D46DE8}") = "Tests", "Tests", "{410E9E70-E3F4-4A86-8CBF-46133F617881}"
EndProject
Project("{FAE04EC0-301F-11D3-BF4B-00C04F79EFBC}") = "CleanCodeTestningTest", "CleanCodeTestningTest\CleanCodeTestningTest.csproj", "{848BC758-C243-4994-B4DA-18C4C1F5554E}"
EndProject
Global
	GlobalSection(SolutionConfigurationPlatforms) = preSolution
		Debug|Any CPU = Debug|Any CPU
		Release|Any CPU = Release|Any CPU
	EndGlobalSection
	GlobalSection(ProjectConfigurationPlatforms) = postSolution
		{2BE33DA3-290B-40A5-A3EF-CD3691A58EDF}.Debug|Any CPU.ActiveCfg = Debug|Any CPU
		{2BE33DA3-290B-40A5-A3EF-CD3691A58EDF}.Debug|Any CPU.Build.0 = Debug|Any CPU
		{2BE33DA3-290B-40A5-A3EF-CD3691A58EDF}.Release|Any CPU.ActiveCfg = Release|Any CPU
		{2BE33DA3-290B-40A5-A3EF-CD3691A58EDF}.Release|Any CPU.Build.0 = Release|Any CPU
		{848BC758-C243-4994-B4DA-18C4C1F5554E}.Debug|Any CPU.ActiveCfg = Debug|Any CPU
		{848BC758-C243-4994-B4DA-18C4C1F5554E}.Debug|Any CPU.Build.0 = Debug|Any CPU
		{848BC758-C243-4994-B4DA-18C4C1F5554E}.Release|Any CPU.ActiveCfg = Release|Any CPU
		{848BC758-C243-4994-B4DA-18C4C1F5554E}.Release|Any CPU.Build.0 = Release|Any CPU
	EndGlobalSection
	GlobalSection(SolutionProperties) = preSolution
		HideSolutionNode = FALSE
	EndGlobalSection
	GlobalSection(NestedProjects) = preSolution
		{848BC758-C243-4994-B4DA-18C4C1F5554E} = {410E9E70-E3F4-4A86-8CBF-46133F617881}
	EndGlobalSection
	GlobalSection(ExtensibilityGlobals) = postSolution
		SolutionGuid = {0348559D-7CBC-42B2-A723-CA37F20D87A7}
	EndGlobalSection
EndGlobal
